// !$*UTF8*$!
{
	archiveVersion = 1;
	classes = {
	};
	objectVersion = 46;
	objects = {

/* Begin PBXBuildFile section */
		BBD1311F1FAF947E00E2D94A /* AnkitFirstPod.h in Headers */ = {isa = PBXBuildFile; fileRef = BBD1311D1FAF947E00E2D94A /* AnkitFirstPod.h */; settings = {ATTRIBUTES = (Public, ); }; };
		BBD131341FAF94A100E2D94A /* CGFloatExtensions.swift in Sources */ = {isa = PBXBuildFile; fileRef = BBD131261FAF94A100E2D94A /* CGFloatExtensions.swift */; };
		BBD131351FAF94A100E2D94A /* GCD.swift in Sources */ = {isa = PBXBuildFile; fileRef = BBD131281FAF94A100E2D94A /* GCD.swift */; };
		BBD131361FAF94A100E2D94A /* JSONTypeAlias.swift in Sources */ = {isa = PBXBuildFile; fileRef = BBD131291FAF94A100E2D94A /* JSONTypeAlias.swift */; };
		BBD131371FAF94A100E2D94A /* Label+LineSpacing.swift in Sources */ = {isa = PBXBuildFile; fileRef = BBD1312A1FAF94A100E2D94A /* Label+LineSpacing.swift */; };
		BBD131381FAF94A100E2D94A /* Notification+Extension.swift in Sources */ = {isa = PBXBuildFile; fileRef = BBD1312B1FAF94A100E2D94A /* Notification+Extension.swift */; };
		BBD131391FAF94A100E2D94A /* ORDesinables.swift in Sources */ = {isa = PBXBuildFile; fileRef = BBD1312C1FAF94A100E2D94A /* ORDesinables.swift */; };
		BBD1313A1FAF94A100E2D94A /* Reusable.swift in Sources */ = {isa = PBXBuildFile; fileRef = BBD1312D1FAF94A100E2D94A /* Reusable.swift */; };
		BBD1313B1FAF94A100E2D94A /* UIColor+Hex.swift in Sources */ = {isa = PBXBuildFile; fileRef = BBD1312E1FAF94A100E2D94A /* UIColor+Hex.swift */; };
		BBD1313C1FAF94A100E2D94A /* UINib.swift in Sources */ = {isa = PBXBuildFile; fileRef = BBD1312F1FAF94A100E2D94A /* UINib.swift */; };
		BBD1313D1FAF94A100E2D94A /* UITableView+Reusable.swift in Sources */ = {isa = PBXBuildFile; fileRef = BBD131301FAF94A100E2D94A /* UITableView+Reusable.swift */; };
		BBD1313E1FAF94A100E2D94A /* UIView+Nib.swift in Sources */ = {isa = PBXBuildFile; fileRef = BBD131311FAF94A100E2D94A /* UIView+Nib.swift */; };
		BBD1313F1FAF94A100E2D94A /* UIViewController+Alert.swift in Sources */ = {isa = PBXBuildFile; fileRef = BBD131321FAF94A100E2D94A /* UIViewController+Alert.swift */; };
		BBD131401FAF94A100E2D94A /* UIViewController+Nib.swift in Sources */ = {isa = PBXBuildFile; fileRef = BBD131331FAF94A100E2D94A /* UIViewController+Nib.swift */; };
/* End PBXBuildFile section */

/* Begin PBXFileReference section */
		BBD1311A1FAF947E00E2D94A /* AnkitFirstPod.framework */ = {isa = PBXFileReference; explicitFileType = wrapper.framework; includeInIndex = 0; path = AnkitFirstPod.framework; sourceTree = BUILT_PRODUCTS_DIR; };
		BBD1311D1FAF947E00E2D94A /* AnkitFirstPod.h */ = {isa = PBXFileReference; lastKnownFileType = sourcecode.c.h; path = AnkitFirstPod.h; sourceTree = "<group>"; };
		BBD1311E1FAF947E00E2D94A /* Info.plist */ = {isa = PBXFileReference; lastKnownFileType = text.plist.xml; path = Info.plist; sourceTree = "<group>"; };
		BBD131261FAF94A100E2D94A /* CGFloatExtensions.swift */ = {isa = PBXFileReference; fileEncoding = 4; lastKnownFileType = sourcecode.swift; path = CGFloatExtensions.swift; sourceTree = "<group>"; };
		BBD131281FAF94A100E2D94A /* GCD.swift */ = {isa = PBXFileReference; fileEncoding = 4; lastKnownFileType = sourcecode.swift; path = GCD.swift; sourceTree = "<group>"; };
		BBD131291FAF94A100E2D94A /* JSONTypeAlias.swift */ = {isa = PBXFileReference; fileEncoding = 4; lastKnownFileType = sourcecode.swift; path = JSONTypeAlias.swift; sourceTree = "<group>"; };
		BBD1312A1FAF94A100E2D94A /* Label+LineSpacing.swift */ = {isa = PBXFileReference; fileEncoding = 4; lastKnownFileType = sourcecode.swift; path = "Label+LineSpacing.swift"; sourceTree = "<group>"; };
		BBD1312B1FAF94A100E2D94A /* Notification+Extension.swift */ = {isa = PBXFileReference; fileEncoding = 4; lastKnownFileType = sourcecode.swift; path = "Notification+Extension.swift"; sourceTree = "<group>"; };
		BBD1312C1FAF94A100E2D94A /* ORDesinables.swift */ = {isa = PBXFileReference; fileEncoding = 4; lastKnownFileType = sourcecode.swift; path = ORDesinables.swift; sourceTree = "<group>"; };
		BBD1312D1FAF94A100E2D94A /* Reusable.swift */ = {isa = PBXFileReference; fileEncoding = 4; lastKnownFileType = sourcecode.swift; path = Reusable.swift; sourceTree = "<group>"; };
		BBD1312E1FAF94A100E2D94A /* UIColor+Hex.swift */ = {isa = PBXFileReference; fileEncoding = 4; lastKnownFileType = sourcecode.swift; path = "UIColor+Hex.swift"; sourceTree = "<group>"; };
		BBD1312F1FAF94A100E2D94A /* UINib.swift */ = {isa = PBXFileReference; fileEncoding = 4; lastKnownFileType = sourcecode.swift; path = UINib.swift; sourceTree = "<group>"; };
		BBD131301FAF94A100E2D94A /* UITableView+Reusable.swift */ = {isa = PBXFileReference; fileEncoding = 4; lastKnownFileType = sourcecode.swift; path = "UITableView+Reusable.swift"; sourceTree = "<group>"; };
		BBD131311FAF94A100E2D94A /* UIView+Nib.swift */ = {isa = PBXFileReference; fileEncoding = 4; lastKnownFileType = sourcecode.swift; path = "UIView+Nib.swift"; sourceTree = "<group>"; };
		BBD131321FAF94A100E2D94A /* UIViewController+Alert.swift */ = {isa = PBXFileReference; fileEncoding = 4; lastKnownFileType = sourcecode.swift; path = "UIViewController+Alert.swift"; sourceTree = "<group>"; };
		BBD131331FAF94A100E2D94A /* UIViewController+Nib.swift */ = {isa = PBXFileReference; fileEncoding = 4; lastKnownFileType = sourcecode.swift; path = "UIViewController+Nib.swift"; sourceTree = "<group>"; };
/* End PBXFileReference section */

/* Begin PBXFrameworksBuildPhase section */
		BBD131161FAF947E00E2D94A /* Frameworks */ = {
			isa = PBXFrameworksBuildPhase;
			buildActionMask = 2147483647;
			files = (
			);
			runOnlyForDeploymentPostprocessing = 0;
		};
/* End PBXFrameworksBuildPhase section */

/* Begin PBXGroup section */
		BBD131101FAF947E00E2D94A = {
			isa = PBXGroup;
			children = (
				BBD1311C1FAF947E00E2D94A /* AnkitFirstPod */,
				BBD1311B1FAF947E00E2D94A /* Products */,
			);
			sourceTree = "<group>";
		};
		BBD1311B1FAF947E00E2D94A /* Products */ = {
			isa = PBXGroup;
			children = (
				BBD1311A1FAF947E00E2D94A /* AnkitFirstPod.framework */,
			);
			name = Products;
			sourceTree = "<group>";
		};
		BBD1311C1FAF947E00E2D94A /* AnkitFirstPod */ = {
			isa = PBXGroup;
			children = (
				BBD131251FAF94A100E2D94A /* Core */,
				BBD1311D1FAF947E00E2D94A /* AnkitFirstPod.h */,
				BBD1311E1FAF947E00E2D94A /* Info.plist */,
			);
			path = AnkitFirstPod;
			sourceTree = "<group>";
		};
		BBD131251FAF94A100E2D94A /* Core */ = {
			isa = PBXGroup;
			children = (
				BBD131261FAF94A100E2D94A /* CGFloatExtensions.swift */,
				BBD131271FAF94A100E2D94A /* Extensions */,
			);
			path = Core;
			sourceTree = "<group>";
		};
		BBD131271FAF94A100E2D94A /* Extensions */ = {
			isa = PBXGroup;
			children = (
				BBD131281FAF94A100E2D94A /* GCD.swift */,
				BBD131291FAF94A100E2D94A /* JSONTypeAlias.swift */,
				BBD1312A1FAF94A100E2D94A /* Label+LineSpacing.swift */,
				BBD1312B1FAF94A100E2D94A /* Notification+Extension.swift */,
				BBD1312C1FAF94A100E2D94A /* ORDesinables.swift */,
				BBD1312D1FAF94A100E2D94A /* Reusable.swift */,
				BBD1312E1FAF94A100E2D94A /* UIColor+Hex.swift */,
				BBD1312F1FAF94A100E2D94A /* UINib.swift */,
				BBD131301FAF94A100E2D94A /* UITableView+Reusable.swift */,
				BBD131311FAF94A100E2D94A /* UIView+Nib.swift */,
				BBD131321FAF94A100E2D94A /* UIViewController+Alert.swift */,
				BBD131331FAF94A100E2D94A /* UIViewController+Nib.swift */,
			);
			path = Extensions;
			sourceTree = "<group>";
		};
/* End PBXGroup section */

/* Begin PBXHeadersBuildPhase section */
		BBD131171FAF947E00E2D94A /* Headers */ = {
			isa = PBXHeadersBuildPhase;
			buildActionMask = 2147483647;
			files = (
				BBD1311F1FAF947E00E2D94A /* AnkitFirstPod.h in Headers */,
			);
			runOnlyForDeploymentPostprocessing = 0;
		};
/* End PBXHeadersBuildPhase section */

/* Begin PBXNativeTarget section */
		BBD131191FAF947E00E2D94A /* AnkitFirstPod */ = {
			isa = PBXNativeTarget;
			buildConfigurationList = BBD131221FAF947E00E2D94A /* Build configuration list for PBXNativeTarget "AnkitFirstPod" */;
			buildPhases = (
				BBD131151FAF947E00E2D94A /* Sources */,
				BBD131161FAF947E00E2D94A /* Frameworks */,
				BBD131171FAF947E00E2D94A /* Headers */,
				BBD131181FAF947E00E2D94A /* Resources */,
			);
			buildRules = (
			);
			dependencies = (
			);
			name = AnkitFirstPod;
			productName = AnkitFirstPod;
			productReference = BBD1311A1FAF947E00E2D94A /* AnkitFirstPod.framework */;
			productType = "com.apple.product-type.framework";
		};
/* End PBXNativeTarget section */

/* Begin PBXProject section */
		BBD131111FAF947E00E2D94A /* Project object */ = {
			isa = PBXProject;
			attributes = {
				LastUpgradeCheck = 0830;
				ORGANIZATIONNAME = "Ankit Jaiswal";
				TargetAttributes = {
					BBD131191FAF947E00E2D94A = {
						CreatedOnToolsVersion = 8.3.3;
						ProvisioningStyle = Automatic;
					};
				};
			};
			buildConfigurationList = BBD131141FAF947E00E2D94A /* Build configuration list for PBXProject "AnkitFirstPod" */;
			compatibilityVersion = "Xcode 3.2";
			developmentRegion = English;
			hasScannedForEncodings = 0;
			knownRegions = (
				en,
			);
			mainGroup = BBD131101FAF947E00E2D94A;
			productRefGroup = BBD1311B1FAF947E00E2D94A /* Products */;
			projectDirPath = "";
			projectRoot = "";
			targets = (
				BBD131191FAF947E00E2D94A /* AnkitFirstPod */,
			);
		};
/* End PBXProject section */

/* Begin PBXResourcesBuildPhase section */
		BBD131181FAF947E00E2D94A /* Resources */ = {
			isa = PBXResourcesBuildPhase;
			buildActionMask = 2147483647;
			files = (
			);
			runOnlyForDeploymentPostprocessing = 0;
		};
/* End PBXResourcesBuildPhase section */

/* Begin PBXSourcesBuildPhase section */
		BBD131151FAF947E00E2D94A /* Sources */ = {
			isa = PBXSourcesBuildPhase;
			buildActionMask = 2147483647;
			files = (
				BBD131401FAF94A100E2D94A /* UIViewController+Nib.swift in Sources */,
				BBD1313D1FAF94A100E2D94A /* UITableView+Reusable.swift in Sources */,
				BBD131391FAF94A100E2D94A /* ORDesinables.swift in Sources */,
				BBD1313B1FAF94A100E2D94A /* UIColor+Hex.swift in Sources */,
				BBD1313F1FAF94A100E2D94A /* UIViewController+Alert.swift in Sources */,
				BBD1313C1FAF94A100E2D94A /* UINib.swift in Sources */,
				BBD131351FAF94A100E2D94A /* GCD.swift in Sources */,
				BBD131341FAF94A100E2D94A /* CGFloatExtensions.swift in Sources */,
				BBD131371FAF94A100E2D94A /* Label+LineSpacing.swift in Sources */,
				BBD1313E1FAF94A100E2D94A /* UIView+Nib.swift in Sources */,
				BBD131381FAF94A100E2D94A /* Notification+Extension.swift in Sources */,
				BBD131361FAF94A100E2D94A /* JSONTypeAlias.swift in Sources */,
				BBD1313A1FAF94A100E2D94A /* Reusable.swift in Sources */,
			);
			runOnlyForDeploymentPostprocessing = 0;
		};
/* End PBXSourcesBuildPhase section */

/* Begin XCBuildConfiguration section */
		BBD131201FAF947E00E2D94A /* Debug */ = {
			isa = XCBuildConfiguration;
			buildSettings = {
				ALWAYS_SEARCH_USER_PATHS = NO;
				CLANG_ANALYZER_NONNULL = YES;
				CLANG_ANALYZER_NUMBER_OBJECT_CONVERSION = YES_AGGRESSIVE;
				CLANG_CXX_LANGUAGE_STANDARD = "gnu++0x";
				CLANG_CXX_LIBRARY = "libc++";
				CLANG_ENABLE_MODULES = YES;
				CLANG_ENABLE_OBJC_ARC = YES;
				CLANG_WARN_BOOL_CONVERSION = YES;
				CLANG_WARN_CONSTANT_CONVERSION = YES;
				CLANG_WARN_DIRECT_OBJC_ISA_USAGE = YES_ERROR;
				CLANG_WARN_DOCUMENTATION_COMMENTS = YES;
				CLANG_WARN_EMPTY_BODY = YES;
				CLANG_WARN_ENUM_CONVERSION = YES;
				CLANG_WARN_INFINITE_RECURSION = YES;
				CLANG_WARN_INT_CONVERSION = YES;
				CLANG_WARN_OBJC_ROOT_CLASS = YES_ERROR;
				CLANG_WARN_SUSPICIOUS_MOVE = YES;
				CLANG_WARN_UNREACHABLE_CODE = YES;
				CLANG_WARN__DUPLICATE_METHOD_MATCH = YES;
				"CODE_SIGN_IDENTITY[sdk=iphoneos*]" = "iPhone Developer";
				COPY_PHASE_STRIP = NO;
				CURRENT_PROJECT_VERSION = 1;
				DEBUG_INFORMATION_FORMAT = dwarf;
				ENABLE_STRICT_OBJC_MSGSEND = YES;
				ENABLE_TESTABILITY = YES;
				GCC_C_LANGUAGE_STANDARD = gnu99;
				GCC_DYNAMIC_NO_PIC = NO;
				GCC_NO_COMMON_BLOCKS = YES;
				GCC_OPTIMIZATION_LEVEL = 0;
				GCC_PREPROCESSOR_DEFINITIONS = (
					"DEBUG=1",
					"$(inherited)",
				);
				GCC_WARN_64_TO_32_BIT_CONVERSION = YES;
				GCC_WARN_ABOUT_RETURN_TYPE = YES_ERROR;
				GCC_WARN_UNDECLARED_SELECTOR = YES;
				GCC_WARN_UNINITIALIZED_AUTOS = YES_AGGRESSIVE;
				GCC_WARN_UNUSED_FUNCTION = YES;
				GCC_WARN_UNUSED_VARIABLE = YES;
				IPHONEOS_DEPLOYMENT_TARGET = 10.3;
				MTL_ENABLE_DEBUG_INFO = YES;
				ONLY_ACTIVE_ARCH = YES;
				SDKROOT = iphoneos;
				SWIFT_ACTIVE_COMPILATION_CONDITIONS = DEBUG;
				SWIFT_OPTIMIZATION_LEVEL = "-Onone";
				TARGETED_DEVICE_FAMILY = "1,2";
				VERSIONING_SYSTEM = "apple-generic";
				VERSION_INFO_PREFIX = "";
			};
			name = Debug;
		};
		BBD131211FAF947E00E2D94A /* Release */ = {
			isa = XCBuildConfiguration;
			buildSettings = {
				ALWAYS_SEARCH_USER_PATHS = NO;
				CLANG_ANALYZER_NONNULL = YES;
				CLANG_ANALYZER_NUMBER_OBJECT_CONVERSION = YES_AGGRESSIVE;
				CLANG_CXX_LANGUAGE_STANDARD = "gnu++0x";
				CLANG_CXX_LIBRARY = "libc++";
				CLANG_ENABLE_MODULES = YES;
				CLANG_ENABLE_OBJC_ARC = YES;
				CLANG_WARN_BOOL_CONVERSION = YES;
				CLANG_WARN_CONSTANT_CONVERSION = YES;
				CLANG_WARN_DIRECT_OBJC_ISA_USAGE = YES_ERROR;
				CLANG_WARN_DOCUMENTATION_COMMENTS = YES;
				CLANG_WARN_EMPTY_BODY = YES;
				CLANG_WARN_ENUM_CONVERSION = YES;
				CLANG_WARN_INFINITE_RECURSION = YES;
				CLANG_WARN_INT_CONVERSION = YES;
				CLANG_WARN_OBJC_ROOT_CLASS = YES_ERROR;
				CLANG_WARN_SUSPICIOUS_MOVE = YES;
				CLANG_WARN_UNREACHABLE_CODE = YES;
				CLANG_WARN__DUPLICATE_METHOD_MATCH = YES;
				"CODE_SIGN_IDENTITY[sdk=iphoneos*]" = "iPhone Developer";
				COPY_PHASE_STRIP = NO;
				CURRENT_PROJECT_VERSION = 1;
				DEBUG_INFORMATION_FORMAT = "dwarf-with-dsym";
				ENABLE_NS_ASSERTIONS = NO;
				ENABLE_STRICT_OBJC_MSGSEND = YES;
				GCC_C_LANGUAGE_STANDARD = gnu99;
				GCC_NO_COMMON_BLOCKS = YES;
				GCC_WARN_64_TO_32_BIT_CONVERSION = YES;
				GCC_WARN_ABOUT_RETURN_TYPE = YES_ERROR;
				GCC_WARN_UNDECLARED_SELECTOR = YES;
				GCC_WARN_UNINITIALIZED_AUTOS = YES_AGGRESSIVE;
				GCC_WARN_UNUSED_FUNCTION = YES;
				GCC_WARN_UNUSED_VARIABLE = YES;
				IPHONEOS_DEPLOYMENT_TARGET = 10.3;
				MTL_ENABLE_DEBUG_INFO = NO;
				SDKROOT = iphoneos;
				SWIFT_OPTIMIZATION_LEVEL = "-Owholemodule";
				TARGETED_DEVICE_FAMILY = "1,2";
				VALIDATE_PRODUCT = YES;
				VERSIONING_SYSTEM = "apple-generic";
				VERSION_INFO_PREFIX = "";
			};
			name = Release;
		};
		BBD131231FAF947E00E2D94A /* Debug */ = {
			isa = XCBuildConfiguration;
			buildSettings = {
				CODE_SIGN_IDENTITY = "";
				DEFINES_MODULE = YES;
				DYLIB_COMPATIBILITY_VERSION = 1;
				DYLIB_CURRENT_VERSION = 1;
				DYLIB_INSTALL_NAME_BASE = "@rpath";
				INFOPLIST_FILE = AnkitFirstPod/Info.plist;
				INSTALL_PATH = "$(LOCAL_LIBRARY_DIR)/Frameworks";
				LD_RUNPATH_SEARCH_PATHS = "$(inherited) @executable_path/Frameworks @loader_path/Frameworks";
				PRODUCT_BUNDLE_IDENTIFIER = crownstack.AnkitFirstPod;
				PRODUCT_NAME = "$(TARGET_NAME)";
				SKIP_INSTALL = YES;
				SWIFT_VERSION = 3.0;
			};
			name = Debug;
		};
		BBD131241FAF947E00E2D94A /* Release */ = {
			isa = XCBuildConfiguration;
			buildSettings = {
				CODE_SIGN_IDENTITY = "";
				DEFINES_MODULE = YES;
				DYLIB_COMPATIBILITY_VERSION = 1;
				DYLIB_CURRENT_VERSION = 1;
				DYLIB_INSTALL_NAME_BASE = "@rpath";
				INFOPLIST_FILE = AnkitFirstPod/Info.plist;
				INSTALL_PATH = "$(LOCAL_LIBRARY_DIR)/Frameworks";
				LD_RUNPATH_SEARCH_PATHS = "$(inherited) @executable_path/Frameworks @loader_path/Frameworks";
				PRODUCT_BUNDLE_IDENTIFIER = crownstack.AnkitFirstPod;
				PRODUCT_NAME = "$(TARGET_NAME)";
				SKIP_INSTALL = YES;
				SWIFT_VERSION = 3.0;
			};
			name = Release;
		};
/* End XCBuildConfiguration section */

/* Begin XCConfigurationList section */
		BBD131141FAF947E00E2D94A /* Build configuration list for PBXProject "AnkitFirstPod" */ = {
			isa = XCConfigurationList;
			buildConfigurations = (
				BBD131201FAF947E00E2D94A /* Debug */,
				BBD131211FAF947E00E2D94A /* Release */,
			);
			defaultConfigurationIsVisible = 0;
			defaultConfigurationName = Release;
		};
		BBD131221FAF947E00E2D94A /* Build configuration list for PBXNativeTarget "AnkitFirstPod" */ = {
			isa = XCConfigurationList;
			buildConfigurations = (
				BBD131231FAF947E00E2D94A /* Debug */,
				BBD131241FAF947E00E2D94A /* Release */,
			);
			defaultConfigurationIsVisible = 0;
		};
/* End XCConfigurationList section */
	};
	rootObject = BBD131111FAF947E00E2D94A /* Project object */;
}
